// !$*UTF8*$!
{
	archiveVersion = 1;
	classes = {
	};
	objectVersion = 56;
	objects = {

/* Begin PBXBuildFile section */
		8D9CD7432AE014FF001E6D81 /* Constants.swift in Sources */ = {isa = PBXBuildFile; fileRef = 8D9CD7422AE014FF001E6D81 /* Constants.swift */; };
		8D9CD7472AE01818001E6D81 /* MovieClient.swift in Sources */ = {isa = PBXBuildFile; fileRef = 8D9CD7462AE01818001E6D81 /* MovieClient.swift */; };
		8DF0D9E72AC5F5E6001A0A9E /* FlickVibeApp.swift in Sources */ = {isa = PBXBuildFile; fileRef = 8DF0D9E62AC5F5E6001A0A9E /* FlickVibeApp.swift */; };
		8DF0D9EB2AC5F5E9001A0A9E /* Assets.xcassets in Resources */ = {isa = PBXBuildFile; fileRef = 8DF0D9EA2AC5F5E9001A0A9E /* Assets.xcassets */; };
		8DF0D9EE2AC5F5E9001A0A9E /* Preview Assets.xcassets in Resources */ = {isa = PBXBuildFile; fileRef = 8DF0D9ED2AC5F5E9001A0A9E /* Preview Assets.xcassets */; };
		8DFDDA0E2AC6020A00BA2D39 /* ComposableArchitecture in Frameworks */ = {isa = PBXBuildFile; productRef = 8DFDDA0D2AC6020A00BA2D39 /* ComposableArchitecture */; };
		8DFDDA122AC603A100BA2D39 /* HomeView.swift in Sources */ = {isa = PBXBuildFile; fileRef = 8DFDDA112AC603A100BA2D39 /* HomeView.swift */; };
		8DFDDA142AC603BD00BA2D39 /* HomeFeature.swift in Sources */ = {isa = PBXBuildFile; fileRef = 8DFDDA132AC603BD00BA2D39 /* HomeFeature.swift */; };
		8DFDDA172AC6119B00BA2D39 /* TrendingMovie.swift in Sources */ = {isa = PBXBuildFile; fileRef = 8DFDDA162AC6119B00BA2D39 /* TrendingMovie.swift */; };
		8DFDDA192AC611AC00BA2D39 /* Movie.swift in Sources */ = {isa = PBXBuildFile; fileRef = 8DFDDA182AC611AC00BA2D39 /* Movie.swift */; };
/* End PBXBuildFile section */

/* Begin PBXFileReference section */
		8D9CD7422AE014FF001E6D81 /* Constants.swift */ = {isa = PBXFileReference; lastKnownFileType = sourcecode.swift; path = Constants.swift; sourceTree = "<group>"; };
		8D9CD7462AE01818001E6D81 /* MovieClient.swift */ = {isa = PBXFileReference; lastKnownFileType = sourcecode.swift; path = MovieClient.swift; sourceTree = "<group>"; };
		8DF0D9E32AC5F5E6001A0A9E /* FlickVibe.app */ = {isa = PBXFileReference; explicitFileType = wrapper.application; includeInIndex = 0; path = FlickVibe.app; sourceTree = BUILT_PRODUCTS_DIR; };
		8DF0D9E62AC5F5E6001A0A9E /* FlickVibeApp.swift */ = {isa = PBXFileReference; lastKnownFileType = sourcecode.swift; path = FlickVibeApp.swift; sourceTree = "<group>"; };
		8DF0D9EA2AC5F5E9001A0A9E /* Assets.xcassets */ = {isa = PBXFileReference; lastKnownFileType = folder.assetcatalog; path = Assets.xcassets; sourceTree = "<group>"; };
		8DF0D9ED2AC5F5E9001A0A9E /* Preview Assets.xcassets */ = {isa = PBXFileReference; lastKnownFileType = folder.assetcatalog; path = "Preview Assets.xcassets"; sourceTree = "<group>"; };
		8DFDDA112AC603A100BA2D39 /* HomeView.swift */ = {isa = PBXFileReference; lastKnownFileType = sourcecode.swift; path = HomeView.swift; sourceTree = "<group>"; };
		8DFDDA132AC603BD00BA2D39 /* HomeFeature.swift */ = {isa = PBXFileReference; lastKnownFileType = sourcecode.swift; path = HomeFeature.swift; sourceTree = "<group>"; };
		8DFDDA162AC6119B00BA2D39 /* TrendingMovie.swift */ = {isa = PBXFileReference; lastKnownFileType = sourcecode.swift; path = TrendingMovie.swift; sourceTree = "<group>"; };
		8DFDDA182AC611AC00BA2D39 /* Movie.swift */ = {isa = PBXFileReference; lastKnownFileType = sourcecode.swift; path = Movie.swift; sourceTree = "<group>"; };
/* End PBXFileReference section */

/* Begin PBXFrameworksBuildPhase section */
		8DF0D9E02AC5F5E6001A0A9E /* Frameworks */ = {
			isa = PBXFrameworksBuildPhase;
			buildActionMask = 2147483647;
			files = (
				8DFDDA0E2AC6020A00BA2D39 /* ComposableArchitecture in Frameworks */,
			);
			runOnlyForDeploymentPostprocessing = 0;
		};
/* End PBXFrameworksBuildPhase section */

/* Begin PBXGroup section */
		8D9CD73E2AE012D1001E6D81 /* Resources */ = {
			isa = PBXGroup;
			children = (
				8DF0D9EA2AC5F5E9001A0A9E /* Assets.xcassets */,
				8D9CD7422AE014FF001E6D81 /* Constants.swift */,
			);
			path = Resources;
			sourceTree = "<group>";
		};
		8D9CD73F2AE0130C001E6D81 /* UI */ = {
			isa = PBXGroup;
			children = (
				8DFDDA102AC6039400BA2D39 /* Home */,
			);
			path = UI;
			sourceTree = "<group>";
		};
		8D9CD7442AE017DB001E6D81 /* Dependencies */ = {
			isa = PBXGroup;
			children = (
				8D9CD7452AE017F1001E6D81 /* Networking */,
			);
			path = Dependencies;
			sourceTree = "<group>";
		};
		8D9CD7452AE017F1001E6D81 /* Networking */ = {
			isa = PBXGroup;
			children = (
				8D9CD7462AE01818001E6D81 /* MovieClient.swift */,
			);
			path = Networking;
			sourceTree = "<group>";
		};
		8DF0D9DA2AC5F5E6001A0A9E = {
			isa = PBXGroup;
			children = (
				8DF0D9E52AC5F5E6001A0A9E /* FlickVibe */,
				8DF0D9E42AC5F5E6001A0A9E /* Products */,
			);
			sourceTree = "<group>";
		};
		8DF0D9E42AC5F5E6001A0A9E /* Products */ = {
			isa = PBXGroup;
			children = (
				8DF0D9E32AC5F5E6001A0A9E /* FlickVibe.app */,
			);
			name = Products;
			sourceTree = "<group>";
		};
		8DF0D9E52AC5F5E6001A0A9E /* FlickVibe */ = {
			isa = PBXGroup;
			children = (
				8DF0D9E62AC5F5E6001A0A9E /* FlickVibeApp.swift */,
				8D9CD73E2AE012D1001E6D81 /* Resources */,
				8D9CD7442AE017DB001E6D81 /* Dependencies */,
				8DFDDA152AC6117700BA2D39 /* Models */,
				8D9CD73F2AE0130C001E6D81 /* UI */,
				8DF0D9EC2AC5F5E9001A0A9E /* Preview Content */,
			);
			path = FlickVibe;
			sourceTree = "<group>";
		};
		8DF0D9EC2AC5F5E9001A0A9E /* Preview Content */ = {
			isa = PBXGroup;
			children = (
				8DF0D9ED2AC5F5E9001A0A9E /* Preview Assets.xcassets */,
			);
			path = "Preview Content";
			sourceTree = "<group>";
		};
		8DFDDA102AC6039400BA2D39 /* Home */ = {
			isa = PBXGroup;
			children = (
				8DFDDA132AC603BD00BA2D39 /* HomeFeature.swift */,
				8DFDDA112AC603A100BA2D39 /* HomeView.swift */,
			);
			path = Home;
			sourceTree = "<group>";
		};
		8DFDDA152AC6117700BA2D39 /* Models */ = {
			isa = PBXGroup;
			children = (
				8DFDDA162AC6119B00BA2D39 /* TrendingMovie.swift */,
				8DFDDA182AC611AC00BA2D39 /* Movie.swift */,
			);
			path = Models;
			sourceTree = "<group>";
		};
/* End PBXGroup section */

/* Begin PBXNativeTarget section */
		8DF0D9E22AC5F5E6001A0A9E /* FlickVibe */ = {
			isa = PBXNativeTarget;
			buildConfigurationList = 8DF0D9F12AC5F5E9001A0A9E /* Build configuration list for PBXNativeTarget "FlickVibe" */;
			buildPhases = (
				8DF0D9DF2AC5F5E6001A0A9E /* Sources */,
				8DF0D9E02AC5F5E6001A0A9E /* Frameworks */,
				8DF0D9E12AC5F5E6001A0A9E /* Resources */,
			);
			buildRules = (
			);
			dependencies = (
			);
			name = FlickVibe;
			packageProductDependencies = (
				8DFDDA0D2AC6020A00BA2D39 /* ComposableArchitecture */,
			);
			productName = FlickVibe;
			productReference = 8DF0D9E32AC5F5E6001A0A9E /* FlickVibe.app */;
			productType = "com.apple.product-type.application";
		};
/* End PBXNativeTarget section */

/* Begin PBXProject section */
		8DF0D9DB2AC5F5E6001A0A9E /* Project object */ = {
			isa = PBXProject;
			attributes = {
				BuildIndependentTargetsInParallel = 1;
				LastSwiftUpdateCheck = 1430;
				LastUpgradeCheck = 1430;
				TargetAttributes = {
					8DF0D9E22AC5F5E6001A0A9E = {
						CreatedOnToolsVersion = 14.3.1;
					};
				};
			};
			buildConfigurationList = 8DF0D9DE2AC5F5E6001A0A9E /* Build configuration list for PBXProject "FlickVibe" */;
			compatibilityVersion = "Xcode 14.0";
			developmentRegion = en;
			hasScannedForEncodings = 0;
			knownRegions = (
				en,
				Base,
			);
			mainGroup = 8DF0D9DA2AC5F5E6001A0A9E;
			packageReferences = (
				8DFDDA0C2AC6020A00BA2D39 /* XCRemoteSwiftPackageReference "swift-composable-architecture" */,
			);
			productRefGroup = 8DF0D9E42AC5F5E6001A0A9E /* Products */;
			projectDirPath = "";
			projectRoot = "";
			targets = (
				8DF0D9E22AC5F5E6001A0A9E /* FlickVibe */,
			);
		};
/* End PBXProject section */

/* Begin PBXResourcesBuildPhase section */
		8DF0D9E12AC5F5E6001A0A9E /* Resources */ = {
			isa = PBXResourcesBuildPhase;
			buildActionMask = 2147483647;
			files = (
				8DF0D9EE2AC5F5E9001A0A9E /* Preview Assets.xcassets in Resources */,
				8DF0D9EB2AC5F5E9001A0A9E /* Assets.xcassets in Resources */,
			);
			runOnlyForDeploymentPostprocessing = 0;
		};
/* End PBXResourcesBuildPhase section */

/* Begin PBXSourcesBuildPhase section */
		8DF0D9DF2AC5F5E6001A0A9E /* Sources */ = {
			isa = PBXSourcesBuildPhase;
			buildActionMask = 2147483647;
			files = (
				8DFDDA142AC603BD00BA2D39 /* HomeFeature.swift in Sources */,
				8DF0D9E72AC5F5E6001A0A9E /* FlickVibeApp.swift in Sources */,
				8DFDDA172AC6119B00BA2D39 /* TrendingMovie.swift in Sources */,
				8D9CD7472AE01818001E6D81 /* MovieClient.swift in Sources */,
				8DFDDA192AC611AC00BA2D39 /* Movie.swift in Sources */,
				8DFDDA122AC603A100BA2D39 /* HomeView.swift in Sources */,
				8D9CD7432AE014FF001E6D81 /* Constants.swift in Sources */,
			);
			runOnlyForDeploymentPostprocessing = 0;
		};
/* End PBXSourcesBuildPhase section */

/* Begin XCBuildConfiguration section */
		8DF0D9EF2AC5F5E9001A0A9E /* Debug */ = {
			isa = XCBuildConfiguration;
			buildSettings = {
				ALWAYS_SEARCH_USER_PATHS = NO;
				CLANG_ANALYZER_NONNULL = YES;
				CLANG_ANALYZER_NUMBER_OBJECT_CONVERSION = YES_AGGRESSIVE;
				CLANG_CXX_LANGUAGE_STANDARD = "gnu++20";
				CLANG_ENABLE_MODULES = YES;
				CLANG_ENABLE_OBJC_ARC = YES;
				CLANG_ENABLE_OBJC_WEAK = YES;
				CLANG_WARN_BLOCK_CAPTURE_AUTORELEASING = YES;
				CLANG_WARN_BOOL_CONVERSION = YES;
				CLANG_WARN_COMMA = YES;
				CLANG_WARN_CONSTANT_CONVERSION = YES;
				CLANG_WARN_DEPRECATED_OBJC_IMPLEMENTATIONS = YES;
				CLANG_WARN_DIRECT_OBJC_ISA_USAGE = YES_ERROR;
				CLANG_WARN_DOCUMENTATION_COMMENTS = YES;
				CLANG_WARN_EMPTY_BODY = YES;
				CLANG_WARN_ENUM_CONVERSION = YES;
				CLANG_WARN_INFINITE_RECURSION = YES;
				CLANG_WARN_INT_CONVERSION = YES;
				CLANG_WARN_NON_LITERAL_NULL_CONVERSION = YES;
				CLANG_WARN_OBJC_IMPLICIT_RETAIN_SELF = YES;
				CLANG_WARN_OBJC_LITERAL_CONVERSION = YES;
				CLANG_WARN_OBJC_ROOT_CLASS = YES_ERROR;
				CLANG_WARN_QUOTED_INCLUDE_IN_FRAMEWORK_HEADER = YES;
				CLANG_WARN_RANGE_LOOP_ANALYSIS = YES;
				CLANG_WARN_STRICT_PROTOTYPES = YES;
				CLANG_WARN_SUSPICIOUS_MOVE = YES;
				CLANG_WARN_UNGUARDED_AVAILABILITY = YES_AGGRESSIVE;
				CLANG_WARN_UNREACHABLE_CODE = YES;
				CLANG_WARN__DUPLICATE_METHOD_MATCH = YES;
				COPY_PHASE_STRIP = NO;
				DEBUG_INFORMATION_FORMAT = dwarf;
				ENABLE_STRICT_OBJC_MSGSEND = YES;
				ENABLE_TESTABILITY = YES;
				GCC_C_LANGUAGE_STANDARD = gnu11;
				GCC_DYNAMIC_NO_PIC = NO;
				GCC_NO_COMMON_BLOCKS = YES;
				GCC_OPTIMIZATION_LEVEL = 0;
				GCC_PREPROCESSOR_DEFINITIONS = (
					"DEBUG=1",
					"$(inherited)",
				);
				GCC_WARN_64_TO_32_BIT_CONVERSION = YES;
				GCC_WARN_ABOUT_RETURN_TYPE = YES_ERROR;
				GCC_WARN_UNDECLARED_SELECTOR = YES;
				GCC_WARN_UNINITIALIZED_AUTOS = YES_AGGRESSIVE;
				GCC_WARN_UNUSED_FUNCTION = YES;
				GCC_WARN_UNUSED_VARIABLE = YES;
				IPHONEOS_DEPLOYMENT_TARGET = 16.4;
				MTL_ENABLE_DEBUG_INFO = INCLUDE_SOURCE;
				MTL_FAST_MATH = YES;
				ONLY_ACTIVE_ARCH = YES;
				SDKROOT = iphoneos;
				SWIFT_ACTIVE_COMPILATION_CONDITIONS = DEBUG;
				SWIFT_OPTIMIZATION_LEVEL = "-Onone";
			};
			name = Debug;
		};
		8DF0D9F02AC5F5E9001A0A9E /* Release */ = {
			isa = XCBuildConfiguration;
			buildSettings = {
				ALWAYS_SEARCH_USER_PATHS = NO;
				CLANG_ANALYZER_NONNULL = YES;
				CLANG_ANALYZER_NUMBER_OBJECT_CONVERSION = YES_AGGRESSIVE;
				CLANG_CXX_LANGUAGE_STANDARD = "gnu++20";
				CLANG_ENABLE_MODULES = YES;
				CLANG_ENABLE_OBJC_ARC = YES;
				CLANG_ENABLE_OBJC_WEAK = YES;
				CLANG_WARN_BLOCK_CAPTURE_AUTORELEASING = YES;
				CLANG_WARN_BOOL_CONVERSION = YES;
				CLANG_WARN_COMMA = YES;
				CLANG_WARN_CONSTANT_CONVERSION = YES;
				CLANG_WARN_DEPRECATED_OBJC_IMPLEMENTATIONS = YES;
				CLANG_WARN_DIRECT_OBJC_ISA_USAGE = YES_ERROR;
				CLANG_WARN_DOCUMENTATION_COMMENTS = YES;
				CLANG_WARN_EMPTY_BODY = YES;
				CLANG_WARN_ENUM_CONVERSION = YES;
				CLANG_WARN_INFINITE_RECURSION = YES;
				CLANG_WARN_INT_CONVERSION = YES;
				CLANG_WARN_NON_LITERAL_NULL_CONVERSION = YES;
				CLANG_WARN_OBJC_IMPLICIT_RETAIN_SELF = YES;
				CLANG_WARN_OBJC_LITERAL_CONVERSION = YES;
				CLANG_WARN_OBJC_ROOT_CLASS = YES_ERROR;
				CLANG_WARN_QUOTED_INCLUDE_IN_FRAMEWORK_HEADER = YES;
				CLANG_WARN_RANGE_LOOP_ANALYSIS = YES;
				CLANG_WARN_STRICT_PROTOTYPES = YES;
				CLANG_WARN_SUSPICIOUS_MOVE = YES;
				CLANG_WARN_UNGUARDED_AVAILABILITY = YES_AGGRESSIVE;
				CLANG_WARN_UNREACHABLE_CODE = YES;
				CLANG_WARN__DUPLICATE_METHOD_MATCH = YES;
				COPY_PHASE_STRIP = NO;
				DEBUG_INFORMATION_FORMAT = "dwarf-with-dsym";
				ENABLE_NS_ASSERTIONS = NO;
				ENABLE_STRICT_OBJC_MSGSEND = YES;
				GCC_C_LANGUAGE_STANDARD = gnu11;
				GCC_NO_COMMON_BLOCKS = YES;
				GCC_WARN_64_TO_32_BIT_CONVERSION = YES;
				GCC_WARN_ABOUT_RETURN_TYPE = YES_ERROR;
				GCC_WARN_UNDECLARED_SELECTOR = YES;
				GCC_WARN_UNINITIALIZED_AUTOS = YES_AGGRESSIVE;
				GCC_WARN_UNUSED_FUNCTION = YES;
				GCC_WARN_UNUSED_VARIABLE = YES;
				IPHONEOS_DEPLOYMENT_TARGET = 16.4;
				MTL_ENABLE_DEBUG_INFO = NO;
				MTL_FAST_MATH = YES;
				SDKROOT = iphoneos;
				SWIFT_COMPILATION_MODE = wholemodule;
				SWIFT_OPTIMIZATION_LEVEL = "-O";
				VALIDATE_PRODUCT = YES;
			};
			name = Release;
		};
		8DF0D9F22AC5F5E9001A0A9E /* Debug */ = {
			isa = XCBuildConfiguration;
			buildSettings = {
				ASSETCATALOG_COMPILER_APPICON_NAME = AppIcon;
				ASSETCATALOG_COMPILER_GLOBAL_ACCENT_COLOR_NAME = AccentColor;
				CODE_SIGN_STYLE = Automatic;
				CURRENT_PROJECT_VERSION = 1;
				DEVELOPMENT_ASSET_PATHS = "\"FlickVibe/Preview Content\"";
				DEVELOPMENT_TEAM = T68CB4R9H5;
				ENABLE_PREVIEWS = YES;
				GENERATE_INFOPLIST_FILE = YES;
				INFOPLIST_KEY_UIApplicationSceneManifest_Generation = YES;
				INFOPLIST_KEY_UIApplicationSupportsIndirectInputEvents = YES;
				INFOPLIST_KEY_UILaunchScreen_Generation = YES;
				INFOPLIST_KEY_UISupportedInterfaceOrientations_iPad = "UIInterfaceOrientationPortrait UIInterfaceOrientationPortraitUpsideDown UIInterfaceOrientationLandscapeLeft UIInterfaceOrientationLandscapeRight";
				INFOPLIST_KEY_UISupportedInterfaceOrientations_iPhone = "UIInterfaceOrientationPortrait UIInterfaceOrientationLandscapeLeft UIInterfaceOrientationLandscapeRight";
				LD_RUNPATH_SEARCH_PATHS = (
					"$(inherited)",
					"@executable_path/Frameworks",
				);
				MARKETING_VERSION = 1.0;
				PRODUCT_BUNDLE_IDENTIFIER = fre.FlickVibe;
				PRODUCT_NAME = "$(TARGET_NAME)";
				SWIFT_EMIT_LOC_STRINGS = YES;
				SWIFT_VERSION = 5.0;
				TARGETED_DEVICE_FAMILY = "1,2";
			};
			name = Debug;
		};
		8DF0D9F32AC5F5E9001A0A9E /* Release */ = {
			isa = XCBuildConfiguration;
			buildSettings = {
				ASSETCATALOG_COMPILER_APPICON_NAME = AppIcon;
				ASSETCATALOG_COMPILER_GLOBAL_ACCENT_COLOR_NAME = AccentColor;
				CODE_SIGN_STYLE = Automatic;
				CURRENT_PROJECT_VERSION = 1;
				DEVELOPMENT_ASSET_PATHS = "\"FlickVibe/Preview Content\"";
				DEVELOPMENT_TEAM = T68CB4R9H5;
				ENABLE_PREVIEWS = YES;
				GENERATE_INFOPLIST_FILE = YES;
				INFOPLIST_KEY_UIApplicationSceneManifest_Generation = YES;
				INFOPLIST_KEY_UIApplicationSupportsIndirectInputEvents = YES;
				INFOPLIST_KEY_UILaunchScreen_Generation = YES;
				INFOPLIST_KEY_UISupportedInterfaceOrientations_iPad = "UIInterfaceOrientationPortrait UIInterfaceOrientationPortraitUpsideDown UIInterfaceOrientationLandscapeLeft UIInterfaceOrientationLandscapeRight";
				INFOPLIST_KEY_UISupportedInterfaceOrientations_iPhone = "UIInterfaceOrientationPortrait UIInterfaceOrientationLandscapeLeft UIInterfaceOrientationLandscapeRight";
				LD_RUNPATH_SEARCH_PATHS = (
					"$(inherited)",
					"@executable_path/Frameworks",
				);
				MARKETING_VERSION = 1.0;
				PRODUCT_BUNDLE_IDENTIFIER = fre.FlickVibe;
				PRODUCT_NAME = "$(TARGET_NAME)";
				SWIFT_EMIT_LOC_STRINGS = YES;
				SWIFT_VERSION = 5.0;
				TARGETED_DEVICE_FAMILY = "1,2";
			};
			name = Release;
		};
/* End XCBuildConfiguration section */

/* Begin XCConfigurationList section */
		8DF0D9DE2AC5F5E6001A0A9E /* Build configuration list for PBXProject "FlickVibe" */ = {
			isa = XCConfigurationList;
			buildConfigurations = (
				8DF0D9EF2AC5F5E9001A0A9E /* Debug */,
				8DF0D9F02AC5F5E9001A0A9E /* Release */,
			);
			defaultConfigurationIsVisible = 0;
			defaultConfigurationName = Release;
		};
		8DF0D9F12AC5F5E9001A0A9E /* Build configuration list for PBXNativeTarget "FlickVibe" */ = {
			isa = XCConfigurationList;
			buildConfigurations = (
				8DF0D9F22AC5F5E9001A0A9E /* Debug */,
				8DF0D9F32AC5F5E9001A0A9E /* Release */,
			);
			defaultConfigurationIsVisible = 0;
			defaultConfigurationName = Release;
		};
/* End XCConfigurationList section */

/* Begin XCRemoteSwiftPackageReference section */
		8DFDDA0C2AC6020A00BA2D39 /* XCRemoteSwiftPackageReference "swift-composable-architecture" */ = {
			isa = XCRemoteSwiftPackageReference;
			repositoryURL = "git@github.com:pointfreeco/swift-composable-architecture.git";
			requirement = {
				kind = upToNextMajorVersion;
				minimumVersion = 1.0.0;
			};
		};
/* End XCRemoteSwiftPackageReference section */

/* Begin XCSwiftPackageProductDependency section */
		8DFDDA0D2AC6020A00BA2D39 /* ComposableArchitecture */ = {
			isa = XCSwiftPackageProductDependency;
			package = 8DFDDA0C2AC6020A00BA2D39 /* XCRemoteSwiftPackageReference "swift-composable-architecture" */;
			productName = ComposableArchitecture;
		};
/* End XCSwiftPackageProductDependency section */
	};
	rootObject = 8DF0D9DB2AC5F5E6001A0A9E /* Project object */;
}
